
Microsoft Visual Studio Solution File, Format Version 12.00
# Visual Studio Version 16
VisualStudioVersion = 16.0.810.14
MinimumVisualStudioVersion = 10.0.40219.1
Project("{FAE04EC0-301F-11D3-BF4B-00C04F79EFBC}") = "TodoApi", "TodoApi.csproj", "{DE104850-7ADD-4FF6-B32A-A287718DBEFF}"
EndProject
Global
	GlobalSection(SolutionConfigurationPlatforms) = preSolution
		Debug|Any CPU = Debug|Any CPU
		Release|Any CPU = Release|Any CPU
	EndGlobalSection
	GlobalSection(ProjectConfigurationPlatforms) = postSolution
		{DE104850-7ADD-4FF6-B32A-A287718DBEFF}.Debug|Any CPU.ActiveCfg = Debug|Any CPU
		{DE104850-7ADD-4FF6-B32A-A287718DBEFF}.Debug|Any CPU.Build.0 = Debug|Any CPU
		{DE104850-7ADD-4FF6-B32A-A287718DBEFF}.Release|Any CPU.ActiveCfg = Release|Any CPU
		{DE104850-7ADD-4FF6-B32A-A287718DBEFF}.Release|Any CPU.Build.0 = Release|Any CPU
	EndGlobalSection
	GlobalSection(SolutionProperties) = preSolution
		HideSolutionNode = FALSE
	EndGlobalSection
	GlobalSection(ExtensibilityGlobals) = postSolution
		SolutionGuid = {DD509D55-DFA7-4057-9B82-38D21548A2DC}
	EndGlobalSection
EndGlobal
